
Microsoft Visual Studio Solution File, Format Version 12.00
# Visual Studio Version 17
VisualStudioVersion = 17.6.9
MinimumVisualStudioVersion = 10.0.40219.1
Project("{9A19103F-16F7-4668-BE54-9A1E7A4F7556}") = "BornAgainWiki", "BornAgainWiki\BornAgainWiki.csproj", "{2357F794-23E4-4264-BFBE-1E0FB36D94EB}"
EndProject
Global
	GlobalSection(SolutionConfigurationPlatforms) = preSolution
		Debug|Any CPU = Debug|Any CPU
		Release|Any CPU = Release|Any CPU
	EndGlobalSection
	GlobalSection(ProjectConfigurationPlatforms) = postSolution
		{2357F794-23E4-4264-BFBE-1E0FB36D94EB}.Debug|Any CPU.ActiveCfg = Debug|Any CPU
		{2357F794-23E4-4264-BFBE-1E0FB36D94EB}.Debug|Any CPU.Build.0 = Debug|Any CPU
		{2357F794-23E4-4264-BFBE-1E0FB36D94EB}.Release|Any CPU.ActiveCfg = Release|Any CPU
		{2357F794-23E4-4264-BFBE-1E0FB36D94EB}.Release|Any CPU.Build.0 = Release|Any CPU
	EndGlobalSection
	GlobalSection(SolutionProperties) = preSolution
		HideSolutionNode = FALSE
	EndGlobalSection
	GlobalSection(ExtensibilityGlobals) = postSolution
		SolutionGuid = {77FA22C5-D6DE-4DC1-81F3-41257D52C618}
	EndGlobalSection
EndGlobal
